// !$*UTF8*$!
{
	archiveVersion = 1;
	classes = {
	};
	objectVersion = 77;
	objects = {

/* Begin PBXBuildFile section */
		001E14F66CC3E4FD44A82ECF /* KaTeX_Main-Bold.woff2 in Resources */ = {isa = PBXBuildFile; fileRef = 7187ABFF68371B759ABF8AC4 /* KaTeX_Main-Bold.woff2 */; };
		00D73F552FE6CCE33CC33F7A /* katex.min.js in Resources */ = {isa = PBXBuildFile; fileRef = 4FD7A410E3875B4C786B131A /* katex.min.js */; };
		016FE74BFE625224E73A2A68 /* KaTeX_SansSerif-Bold.woff2 in Resources */ = {isa = PBXBuildFile; fileRef = 807DAB359A132C4D6F3149DB /* KaTeX_SansSerif-Bold.woff2 */; };
		042553A1514A3218E62811CD /* KaTeX_Fraktur-Regular.woff2 in Resources */ = {isa = PBXBuildFile; fileRef = B2640C1557CED60974C1655B /* KaTeX_Fraktur-Regular.woff2 */; };
		05B96E91F8256C542CF2D0B3 /* PreviewCSS.swift in Sources */ = {isa = PBXBuildFile; fileRef = 9CAE473C3562F59C8BAE6E20 /* PreviewCSS.swift */; };
		07B6D86BE3B2A3CB3595354B /* KaTeX_Fraktur-Bold.woff2 in Resources */ = {isa = PBXBuildFile; fileRef = 3DC64CEF4FA0E3A711C93D52 /* KaTeX_Fraktur-Bold.woff2 */; };
		0DFD0E87D0C5110DBB049B22 /* katex.min.js in Resources */ = {isa = PBXBuildFile; fileRef = 4FD7A410E3875B4C786B131A /* katex.min.js */; };
		12144198880B84D3FDDB629D /* KaTeX_Math-Italic.woff2 in Resources */ = {isa = PBXBuildFile; fileRef = BEEA81C42D7D0F8A800F2BE1 /* KaTeX_Math-Italic.woff2 */; };
		141917A8AC10CB1F5238D15D /* KaTeX_Main-Regular.woff2 in Resources */ = {isa = PBXBuildFile; fileRef = 5C466F1328E7161C3FBBE895 /* KaTeX_Main-Regular.woff2 */; };
		19B2D76FD878146D13EB846E /* mermaid.min.js in Resources */ = {isa = PBXBuildFile; fileRef = 402EB2B0F70645489E8E0216 /* mermaid.min.js */; };
		1B14DB2D6EBFB6552FF55652 /* ClearlyTextView.swift in Sources */ = {isa = PBXBuildFile; fileRef = D21685182BECD710BD1EE5F0 /* ClearlyTextView.swift */; };
		1E47B9B1153DF94EC0A7D9BD /* BlueprintEditorView.swift in Sources */ = {isa = PBXBuildFile; fileRef = 241C25B38BA5A24249A60DB0 /* BlueprintEditorView.swift */; };
		1F73E184AF399F0EA91E3978 /* KaTeX_Size3-Regular.woff2 in Resources */ = {isa = PBXBuildFile; fileRef = E638AE2F4C700593201EAD61 /* KaTeX_Size3-Regular.woff2 */; };
		1FC2630F4CBDD306FBAA685C /* ScrollSyncRelay.swift in Sources */ = {isa = PBXBuildFile; fileRef = 6730A8653EEEC312AF9BCEA9 /* ScrollSyncRelay.swift */; };
		2114558D0FC8E00C92420922 /* KaTeX_SansSerif-Regular.woff2 in Resources */ = {isa = PBXBuildFile; fileRef = E6312CBE559D8BEC5227D132 /* KaTeX_SansSerif-Regular.woff2 */; };
		22A672B314A988885218F541 /* KaTeX_Caligraphic-Bold.woff2 in Resources */ = {isa = PBXBuildFile; fileRef = E3840AA3B2F7F256865A448F /* KaTeX_Caligraphic-Bold.woff2 */; };
		23A4EE6790D901F264BA2896 /* MarkdownDocument.icns in Resources */ = {isa = PBXBuildFile; fileRef = CDFD083F5CEDB0294A737E24 /* MarkdownDocument.icns */; };
		26B1E529084B738E435C956F /* KaTeX_Main-Bold.woff2 in Resources */ = {isa = PBXBuildFile; fileRef = 7187ABFF68371B759ABF8AC4 /* KaTeX_Main-Bold.woff2 */; };
		2F49453839BA305493FB221E /* fonts in Resources */ = {isa = PBXBuildFile; fileRef = 533BF0A0A5E3EA2560CF1BA2 /* fonts */; };
		2FB5F83D3DD54CC8985F9FFB /* ReadOnlyViewer.swift in Sources */ = {isa = PBXBuildFile; fileRef = A640C0E2FB96A86B95E16DB8 /* ReadOnlyViewer.swift */; };
		2FC20E86946BFFE411480435 /* OFL-Inconsolata.txt in Resources */ = {isa = PBXBuildFile; fileRef = 7A46AD25CC5FB9E4BE6070DE /* OFL-Inconsolata.txt */; };
		3069BAEFFB0EF73722EAA2DD /* KeyboardShortcuts in Frameworks */ = {isa = PBXBuildFile; productRef = 4DF0D78A336E2D9D674D47D2 /* KeyboardShortcuts */; };
		33DAD30BE5E58F559448CCA2 /* cmark in Frameworks */ = {isa = PBXBuildFile; productRef = CC77A681476F7EE7A093FA76 /* cmark */; };
		35C1EABC472035C080988879 /* LocalImageSupport.swift in Sources */ = {isa = PBXBuildFile; fileRef = 0BE34513476EE490A1A6A5BF /* LocalImageSupport.swift */; };
		35ED0064FC45B88F60335CF6 /* KaTeX_Caligraphic-Regular.woff2 in Resources */ = {isa = PBXBuildFile; fileRef = C7277077CCE8CC6F671BA7BD /* KaTeX_Caligraphic-Regular.woff2 */; };
		35EF8B6BFD8702A6F59ADA9F /* ColumnRulerView.swift in Sources */ = {isa = PBXBuildFile; fileRef = 5C0B6336F350DDBED7CE9F4C /* ColumnRulerView.swift */; };
		363C21FC09425A7DB44CE693 /* KaTeX_Size3-Regular.woff2 in Resources */ = {isa = PBXBuildFile; fileRef = E638AE2F4C700593201EAD61 /* KaTeX_Size3-Regular.woff2 */; };
		38423607D2E69311815BC40A /* ScratchpadShortcuts.swift in Sources */ = {isa = PBXBuildFile; fileRef = A173619EAC2F30C6AE58C20B /* ScratchpadShortcuts.swift */; };
		3C7041E4C36C1BE67F35102F /* MermaidSupport.swift in Sources */ = {isa = PBXBuildFile; fileRef = FD92BF33533F90D5495FCD4D /* MermaidSupport.swift */; };
		401A8B1FCDB95B2CB107764E /* KaTeX_Size4-Regular.woff2 in Resources */ = {isa = PBXBuildFile; fileRef = 2A511EBB2EF019DE8ABB6015 /* KaTeX_Size4-Regular.woff2 */; };
		406AD8D5C630097120B0C60A /* KaTeX_AMS-Regular.woff2 in Resources */ = {isa = PBXBuildFile; fileRef = DCB089DECE0C240DA5C326AB /* KaTeX_AMS-Regular.woff2 */; };
		41D36F4A227DA1B18A64E187 /* KaTeX_Main-Italic.woff2 in Resources */ = {isa = PBXBuildFile; fileRef = 561CA201B0D92CB3BB6D618C /* KaTeX_Main-Italic.woff2 */; };
		48FD4B76697353C00BC9C706 /* FileWatcher.swift in Sources */ = {isa = PBXBuildFile; fileRef = 1191454C25DB7E5E81AB8DC7 /* FileWatcher.swift */; };
		4F0BE79CBE504B8ABB3FD0FE /* TextEditBrowser.swift in Sources */ = {isa = PBXBuildFile; fileRef = 13A044FAA8D1ABDDFC744FEB /* TextEditBrowser.swift */; };
		4FB3BC0D0EE4E7A7828D5D1D /* katex.min.css in Resources */ = {isa = PBXBuildFile; fileRef = 9B9A3ABF5F310A32DEE8CD36 /* katex.min.css */; };
		4FFAD8E581163E9412DB3375 /* KaTeX_SansSerif-Italic.woff2 in Resources */ = {isa = PBXBuildFile; fileRef = 8C63D7AEB27A9F0CB262E645 /* KaTeX_SansSerif-Italic.woff2 */; };
		51001F7DE85B20CB01792E40 /* OutlineView.swift in Sources */ = {isa = PBXBuildFile; fileRef = 5BD4E35E9817922F678A49E4 /* OutlineView.swift */; };
		51A5BB3C76BF112B6544A6E0 /* KaTeX_SansSerif-Regular.woff2 in Resources */ = {isa = PBXBuildFile; fileRef = E6312CBE559D8BEC5227D132 /* KaTeX_SansSerif-Regular.woff2 */; };
		5341AC12C035013D0D3CCD5C /* KaTeX_Main-Regular.woff2 in Resources */ = {isa = PBXBuildFile; fileRef = 5C466F1328E7161C3FBBE895 /* KaTeX_Main-Regular.woff2 */; };
		554ABEE72E40759639EF9E7C /* KaTeX_Typewriter-Regular.woff2 in Resources */ = {isa = PBXBuildFile; fileRef = 577A6981155BFF3115563649 /* KaTeX_Typewriter-Regular.woff2 */; };
		606612CA403163F17D56C7B1 /* fonts in Resources */ = {isa = PBXBuildFile; fileRef = 533BF0A0A5E3EA2560CF1BA2 /* fonts */; };
		63ABBEDE37BB0BB9D14CE8E1 /* KaTeX_Math-BoldItalic.woff2 in Resources */ = {isa = PBXBuildFile; fileRef = A5448B669D04A27C0E3217C1 /* KaTeX_Math-BoldItalic.woff2 */; };
		64D1B6776E687FCE89F449A0 /* KaTeX_Fraktur-Bold.woff2 in Resources */ = {isa = PBXBuildFile; fileRef = 3DC64CEF4FA0E3A711C93D52 /* KaTeX_Fraktur-Bold.woff2 */; };
		68CB9FF87903AB3777B8BC64 /* FindBarView.swift in Sources */ = {isa = PBXBuildFile; fileRef = A012A8B7BDD8D65FA96C74BD /* FindBarView.swift */; };
		6A673E18D3A350489E563DBA /* KaTeX_Size2-Regular.woff2 in Resources */ = {isa = PBXBuildFile; fileRef = 4F1BB6AF0086303BC02512ED /* KaTeX_Size2-Regular.woff2 */; };
		6A76D5EF61D4D5EA1E4E269D /* Theme.swift in Sources */ = {isa = PBXBuildFile; fileRef = DC0C07F633044E286706E6C2 /* Theme.swift */; };
		6AB9697DA6D2570D3255E4C8 /* BundledFontRegistration.swift in Sources */ = {isa = PBXBuildFile; fileRef = BE37089E8CCD885B4B004A6B /* BundledFontRegistration.swift */; };
		6B48315B1E2F6631B505D2A2 /* ClearlyNotifications.swift in Sources */ = {isa = PBXBuildFile; fileRef = 8511BCDA19ED36D2E36D7CC4 /* ClearlyNotifications.swift */; };
		70B28E7F6F5988081AC45F1F /* EditorView.swift in Sources */ = {isa = PBXBuildFile; fileRef = 758150A509419AE6129AAAD3 /* EditorView.swift */; };
		7540914749BA90D334D3821F /* MarkdownRenderer.swift in Sources */ = {isa = PBXBuildFile; fileRef = 2E03FE5545A1CB9E58B7CB10 /* MarkdownRenderer.swift */; };
		78B53870F9DDACC5459519FD /* RecentFilesMenuHelper.swift in Sources */ = {isa = PBXBuildFile; fileRef = 6FCC3C009FF06D7331518A63 /* RecentFilesMenuHelper.swift */; };
		7A451CD0651E2B6C349838D3 /* KindasStripView.swift in Sources */ = {isa = PBXBuildFile; fileRef = E503F241D3994AC7CFEA670F /* KindasStripView.swift */; };
		7B924C7875E7C4D5340153FD /* OutlineState.swift in Sources */ = {isa = PBXBuildFile; fileRef = 9CADA93A216502CEB0856067 /* OutlineState.swift */; };
		7D1C062D3ED31D2033BBEF8A /* DiagnosticLog.swift in Sources */ = {isa = PBXBuildFile; fileRef = 387647C63A7253B9C5D47227 /* DiagnosticLog.swift */; };
		7D3E0545CA4839B6D7D33857 /* KaTeX_Main-BoldItalic.woff2 in Resources */ = {isa = PBXBuildFile; fileRef = 8928415838CC7065BAD9E091 /* KaTeX_Main-BoldItalic.woff2 */; };
		7E6D1AAA6F6E3C9D4CE7B6BF /* KaTeX_Math-BoldItalic.woff2 in Resources */ = {isa = PBXBuildFile; fileRef = A5448B669D04A27C0E3217C1 /* KaTeX_Math-BoldItalic.woff2 */; };
		8285105F126ACBA83E5C22CC /* MarkdownDocument.swift in Sources */ = {isa = PBXBuildFile; fileRef = 459EE8D74CC429D37D25BA15 /* MarkdownDocument.swift */; };
		82E20C22EBBF287CA32B964D /* PreviewView.swift in Sources */ = {isa = PBXBuildFile; fileRef = 2B29BD46E42FE597D8899626 /* PreviewView.swift */; };
		848EEE13A14E7AEB20F9D03D /* KaTeX_Main-Italic.woff2 in Resources */ = {isa = PBXBuildFile; fileRef = 561CA201B0D92CB3BB6D618C /* KaTeX_Main-Italic.woff2 */; };
		86CD6CAAD6EBA4C8AC465C6B /* KaTeX_Caligraphic-Bold.woff2 in Resources */ = {isa = PBXBuildFile; fileRef = E3840AA3B2F7F256865A448F /* KaTeX_Caligraphic-Bold.woff2 */; };
		8BD6AE37FBD4DF44473AD23F /* mermaid.min.js in Resources */ = {isa = PBXBuildFile; fileRef = 402EB2B0F70645489E8E0216 /* mermaid.min.js */; };
		8D0B775A3BBD86EA77EC8192 /* PreviewCSS.swift in Sources */ = {isa = PBXBuildFile; fileRef = 9CAE473C3562F59C8BAE6E20 /* PreviewCSS.swift */; };
		8D35B274CC45E89990200DBA /* katex.min.css in Resources */ = {isa = PBXBuildFile; fileRef = 9B9A3ABF5F310A32DEE8CD36 /* katex.min.css */; };
		8EF60E31584E3713D690A76E /* KaTeX_Fraktur-Regular.woff2 in Resources */ = {isa = PBXBuildFile; fileRef = B2640C1557CED60974C1655B /* KaTeX_Fraktur-Regular.woff2 */; };
		905A59985E7C9F092EFDD25E /* KaTeX_SansSerif-Italic.woff2 in Resources */ = {isa = PBXBuildFile; fileRef = 8C63D7AEB27A9F0CB262E645 /* KaTeX_SansSerif-Italic.woff2 */; };
		9B64E48C29A87703AE7C01E6 /* cmark in Frameworks */ = {isa = PBXBuildFile; productRef = BA915BE25F47C60B7AD142F6 /* cmark */; };
		9C6CF7D261DA8854CFF1AAAC /* ScratchpadContentView.swift in Sources */ = {isa = PBXBuildFile; fileRef = 13B7A37217BC081E7F5083AE /* ScratchpadContentView.swift */; };
		9E4277816A65D0A61ACB467C /* KaTeX_Typewriter-Regular.woff2 in Resources */ = {isa = PBXBuildFile; fileRef = 577A6981155BFF3115563649 /* KaTeX_Typewriter-Regular.woff2 */; };
		9E5C1181A98FEB2C12043EC5 /* KindasMDQuickLook.appex in Embed Foundation Extensions */ = {isa = PBXBuildFile; fileRef = 8849734305B42A829F35A4AC /* KindasMDQuickLook.appex */; settings = {ATTRIBUTES = (RemoveHeadersOnCopy, ); }; };
		A3DDDEE3DD8F68295B87550B /* KaTeX_Size1-Regular.woff2 in Resources */ = {isa = PBXBuildFile; fileRef = B9A9504CE72D1D15C25AAA17 /* KaTeX_Size1-Regular.woff2 */; };
		A4E272BB783CB22D520031A5 /* PositionSync.swift in Sources */ = {isa = PBXBuildFile; fileRef = 18C58D7977018EDE6FB272E2 /* PositionSync.swift */; };
		A62BB1A4DF5D6D8F53A7FD8A /* MasterFolderModel.swift in Sources */ = {isa = PBXBuildFile; fileRef = 2C9217F7E9925EB8D861F633 /* MasterFolderModel.swift */; };
		A6FE7C7651D12531F22AFF99 /* PDFExporter.swift in Sources */ = {isa = PBXBuildFile; fileRef = 7579D4F11AC216D128C23BFA /* PDFExporter.swift */; };
		AB161B4ACF8EB3C7CDC02420 /* SettingsView.swift in Sources */ = {isa = PBXBuildFile; fileRef = 57B67568DD67AAF659F945DD /* SettingsView.swift */; };
		AB36A21A5992C296B12801B0 /* KaTeX_SansSerif-Bold.woff2 in Resources */ = {isa = PBXBuildFile; fileRef = 807DAB359A132C4D6F3149DB /* KaTeX_SansSerif-Bold.woff2 */; };
		AED30E19E926550D42F97FA9 /* LocalImageSupport.swift in Sources */ = {isa = PBXBuildFile; fileRef = 0BE34513476EE490A1A6A5BF /* LocalImageSupport.swift */; };
		AFA77A2ECE9B66C14385739F /* MarkdownSyntaxHighlighter.swift in Sources */ = {isa = PBXBuildFile; fileRef = 77AA9B3C2C936F18BB291F0B /* MarkdownSyntaxHighlighter.swift */; };
		B141D5DF0F3151B5EB45A8E0 /* KaTeX_Size4-Regular.woff2 in Resources */ = {isa = PBXBuildFile; fileRef = 2A511EBB2EF019DE8ABB6015 /* KaTeX_Size4-Regular.woff2 */; };
		B186C190E07A125AE5994815 /* PreviewProvider.swift in Sources */ = {isa = PBXBuildFile; fileRef = 96AE9AE9387D97054C7353A0 /* PreviewProvider.swift */; };
		BBFD4A8ACC00085EBD413B59 /* ContentView.swift in Sources */ = {isa = PBXBuildFile; fileRef = 1A275FF740EF81A9595A9CF1 /* ContentView.swift */; };
		BD35BA88DC83C8791BA2B880 /* KaTeX_Size1-Regular.woff2 in Resources */ = {isa = PBXBuildFile; fileRef = B9A9504CE72D1D15C25AAA17 /* KaTeX_Size1-Regular.woff2 */; };
		C28C4DB501F4C88E0E576BB8 /* KaTeX_Script-Regular.woff2 in Resources */ = {isa = PBXBuildFile; fileRef = 94B1A19AB9FA41E7F47CF5A5 /* KaTeX_Script-Regular.woff2 */; };
		C3605A1ACF84EE2345734062 /* KaTeX_AMS-Regular.woff2 in Resources */ = {isa = PBXBuildFile; fileRef = DCB089DECE0C240DA5C326AB /* KaTeX_AMS-Regular.woff2 */; };
		C71ABE27B75F62314CB10FCD /* QuickCopyButtons.swift in Sources */ = {isa = PBXBuildFile; fileRef = CA65CA11BA07D74E085E5A9E /* QuickCopyButtons.swift */; };
		CB4420DD54593BCE67FA8722 /* MermaidSupport.swift in Sources */ = {isa = PBXBuildFile; fileRef = FD92BF33533F90D5495FCD4D /* MermaidSupport.swift */; };
		CDA8E74BF133793B4ACB4D54 /* FrontmatterSupport.swift in Sources */ = {isa = PBXBuildFile; fileRef = 91966DA98C171744BCBB3194 /* FrontmatterSupport.swift */; };
		CF27A25B72B1954F99AA7E28 /* KaTeX_Main-BoldItalic.woff2 in Resources */ = {isa = PBXBuildFile; fileRef = 8928415838CC7065BAD9E091 /* KaTeX_Main-BoldItalic.woff2 */; };
		D14A895BAEE13508BEBE5A28 /* ScratchpadEditorView.swift in Sources */ = {isa = PBXBuildFile; fileRef = A81B471B7C08208B5833EFD4 /* ScratchpadEditorView.swift */; };
		D323526C7879DE6F01019DA3 /* FrontmatterSupport.swift in Sources */ = {isa = PBXBuildFile; fileRef = 91966DA98C171744BCBB3194 /* FrontmatterSupport.swift */; };
		E2B7DED117A38F9EA13A6767 /* KaTeX_Script-Regular.woff2 in Resources */ = {isa = PBXBuildFile; fileRef = 94B1A19AB9FA41E7F47CF5A5 /* KaTeX_Script-Regular.woff2 */; };
		E3C0697B086FBB332ABB27C7 /* ScratchpadMenuBar.swift in Sources */ = {isa = PBXBuildFile; fileRef = CA1DBF680E810A5F1E5745CF /* ScratchpadMenuBar.swift */; };
		E58A4EB2CB7F24C92651AC26 /* KaTeX_Size2-Regular.woff2 in Resources */ = {isa = PBXBuildFile; fileRef = 4F1BB6AF0086303BC02512ED /* KaTeX_Size2-Regular.woff2 */; };
		E60423C0B4D580A43F9C5254 /* ClearlyApp.swift in Sources */ = {isa = PBXBuildFile; fileRef = E9D46522A81B46211A5A971E /* ClearlyApp.swift */; };
		E6A05E42667AD746D3819AE7 /* KaTeX_Caligraphic-Regular.woff2 in Resources */ = {isa = PBXBuildFile; fileRef = C7277077CCE8CC6F671BA7BD /* KaTeX_Caligraphic-Regular.woff2 */; };
		E80B4E92CCF814B3BE5CD513 /* ScratchpadManager.swift in Sources */ = {isa = PBXBuildFile; fileRef = 80658CB19305896F164D475F /* ScratchpadManager.swift */; };
		E8FD0436A055DF89DC24D2CB /* Inconsolata-Regular.ttf in Resources */ = {isa = PBXBuildFile; fileRef = AD4F4835D64D743DB797F7CC /* Inconsolata-Regular.ttf */; };
		ED1209A95CFAA068D7CDF8B1 /* KaTeX_Math-Italic.woff2 in Resources */ = {isa = PBXBuildFile; fileRef = BEEA81C42D7D0F8A800F2BE1 /* KaTeX_Math-Italic.woff2 */; };
		EE95CB15C1B5B03F614FDFF9 /* FindState.swift in Sources */ = {isa = PBXBuildFile; fileRef = EAA279EB66E645115789B593 /* FindState.swift */; };
		F53261687A4F55D37EF513EB /* Assets.xcassets in Resources */ = {isa = PBXBuildFile; fileRef = B24354E81A4B3FC2CDD156D9 /* Assets.xcassets */; };
		FA4046B604B44C402F2FF0D8 /* MarkdownRenderer.swift in Sources */ = {isa = PBXBuildFile; fileRef = 2E03FE5545A1CB9E58B7CB10 /* MarkdownRenderer.swift */; };
/* End PBXBuildFile section */

/* Begin PBXContainerItemProxy section */
		EE50C2EBD5262EA965E40A6A /* PBXContainerItemProxy */ = {
			isa = PBXContainerItemProxy;
			containerPortal = 335CB350F62B3060FF628FF1 /* Project object */;
			proxyType = 1;
			remoteGlobalIDString = 8EC594B216EA8BD5E9B53296;
			remoteInfo = KindasMDQuickLook;
		};
/* End PBXContainerItemProxy section */

/* Begin PBXCopyFilesBuildPhase section */
		75F5E9F8F034280B386B1610 /* Embed Foundation Extensions */ = {
			isa = PBXCopyFilesBuildPhase;
			buildActionMask = 2147483647;
			dstPath = "";
			dstSubfolderSpec = 13;
			files = (
				9E5C1181A98FEB2C12043EC5 /* KindasMDQuickLook.appex in Embed Foundation Extensions */,
			);
			name = "Embed Foundation Extensions";
			runOnlyForDeploymentPostprocessing = 0;
		};
/* End PBXCopyFilesBuildPhase section */

/* Begin PBXFileReference section */
		0BE34513476EE490A1A6A5BF /* LocalImageSupport.swift */ = {isa = PBXFileReference; lastKnownFileType = sourcecode.swift; path = LocalImageSupport.swift; sourceTree = "<group>"; };
		1191454C25DB7E5E81AB8DC7 /* FileWatcher.swift */ = {isa = PBXFileReference; lastKnownFileType = sourcecode.swift; path = FileWatcher.swift; sourceTree = "<group>"; };
		13A044FAA8D1ABDDFC744FEB /* TextEditBrowser.swift */ = {isa = PBXFileReference; lastKnownFileType = sourcecode.swift; path = TextEditBrowser.swift; sourceTree = "<group>"; };
		13B7A37217BC081E7F5083AE /* ScratchpadContentView.swift */ = {isa = PBXFileReference; lastKnownFileType = sourcecode.swift; path = ScratchpadContentView.swift; sourceTree = "<group>"; };
		18C58D7977018EDE6FB272E2 /* PositionSync.swift */ = {isa = PBXFileReference; lastKnownFileType = sourcecode.swift; path = PositionSync.swift; sourceTree = "<group>"; };
		1A275FF740EF81A9595A9CF1 /* ContentView.swift */ = {isa = PBXFileReference; lastKnownFileType = sourcecode.swift; path = ContentView.swift; sourceTree = "<group>"; };
		241C25B38BA5A24249A60DB0 /* BlueprintEditorView.swift */ = {isa = PBXFileReference; lastKnownFileType = sourcecode.swift; path = BlueprintEditorView.swift; sourceTree = "<group>"; };
		2A511EBB2EF019DE8ABB6015 /* KaTeX_Size4-Regular.woff2 */ = {isa = PBXFileReference; path = "KaTeX_Size4-Regular.woff2"; sourceTree = "<group>"; };
		2B29BD46E42FE597D8899626 /* PreviewView.swift */ = {isa = PBXFileReference; lastKnownFileType = sourcecode.swift; path = PreviewView.swift; sourceTree = "<group>"; };
		2C9217F7E9925EB8D861F633 /* MasterFolderModel.swift */ = {isa = PBXFileReference; lastKnownFileType = sourcecode.swift; path = MasterFolderModel.swift; sourceTree = "<group>"; };
		2E03FE5545A1CB9E58B7CB10 /* MarkdownRenderer.swift */ = {isa = PBXFileReference; lastKnownFileType = sourcecode.swift; path = MarkdownRenderer.swift; sourceTree = "<group>"; };
		387647C63A7253B9C5D47227 /* DiagnosticLog.swift */ = {isa = PBXFileReference; lastKnownFileType = sourcecode.swift; path = DiagnosticLog.swift; sourceTree = "<group>"; };
		3DC64CEF4FA0E3A711C93D52 /* KaTeX_Fraktur-Bold.woff2 */ = {isa = PBXFileReference; path = "KaTeX_Fraktur-Bold.woff2"; sourceTree = "<group>"; };
		402EB2B0F70645489E8E0216 /* mermaid.min.js */ = {isa = PBXFileReference; lastKnownFileType = sourcecode.javascript; path = mermaid.min.js; sourceTree = "<group>"; };
		423E565C623D851AA67C1FDD /* Info.plist */ = {isa = PBXFileReference; lastKnownFileType = text.plist; path = Info.plist; sourceTree = "<group>"; };
		459EE8D74CC429D37D25BA15 /* MarkdownDocument.swift */ = {isa = PBXFileReference; lastKnownFileType = sourcecode.swift; path = MarkdownDocument.swift; sourceTree = "<group>"; };
		4F1BB6AF0086303BC02512ED /* KaTeX_Size2-Regular.woff2 */ = {isa = PBXFileReference; path = "KaTeX_Size2-Regular.woff2"; sourceTree = "<group>"; };
		4FD7A410E3875B4C786B131A /* katex.min.js */ = {isa = PBXFileReference; lastKnownFileType = sourcecode.javascript; path = katex.min.js; sourceTree = "<group>"; };
		533BF0A0A5E3EA2560CF1BA2 /* fonts */ = {isa = PBXFileReference; lastKnownFileType = folder; name = fonts; path = Shared/Resources/fonts; sourceTree = SOURCE_ROOT; };
		561CA201B0D92CB3BB6D618C /* KaTeX_Main-Italic.woff2 */ = {isa = PBXFileReference; path = "KaTeX_Main-Italic.woff2"; sourceTree = "<group>"; };
		577A6981155BFF3115563649 /* KaTeX_Typewriter-Regular.woff2 */ = {isa = PBXFileReference; path = "KaTeX_Typewriter-Regular.woff2"; sourceTree = "<group>"; };
		57B67568DD67AAF659F945DD /* SettingsView.swift */ = {isa = PBXFileReference; lastKnownFileType = sourcecode.swift; path = SettingsView.swift; sourceTree = "<group>"; };
		5BD4E35E9817922F678A49E4 /* OutlineView.swift */ = {isa = PBXFileReference; lastKnownFileType = sourcecode.swift; path = OutlineView.swift; sourceTree = "<group>"; };
		5C0B6336F350DDBED7CE9F4C /* ColumnRulerView.swift */ = {isa = PBXFileReference; lastKnownFileType = sourcecode.swift; path = ColumnRulerView.swift; sourceTree = "<group>"; };
		5C466F1328E7161C3FBBE895 /* KaTeX_Main-Regular.woff2 */ = {isa = PBXFileReference; path = "KaTeX_Main-Regular.woff2"; sourceTree = "<group>"; };
		6730A8653EEEC312AF9BCEA9 /* ScrollSyncRelay.swift */ = {isa = PBXFileReference; lastKnownFileType = sourcecode.swift; path = ScrollSyncRelay.swift; sourceTree = "<group>"; };
		6FCC3C009FF06D7331518A63 /* RecentFilesMenuHelper.swift */ = {isa = PBXFileReference; lastKnownFileType = sourcecode.swift; path = RecentFilesMenuHelper.swift; sourceTree = "<group>"; };
		7187ABFF68371B759ABF8AC4 /* KaTeX_Main-Bold.woff2 */ = {isa = PBXFileReference; path = "KaTeX_Main-Bold.woff2"; sourceTree = "<group>"; };
		7579D4F11AC216D128C23BFA /* PDFExporter.swift */ = {isa = PBXFileReference; lastKnownFileType = sourcecode.swift; path = PDFExporter.swift; sourceTree = "<group>"; };
		758150A509419AE6129AAAD3 /* EditorView.swift */ = {isa = PBXFileReference; lastKnownFileType = sourcecode.swift; path = EditorView.swift; sourceTree = "<group>"; };
		77AA9B3C2C936F18BB291F0B /* MarkdownSyntaxHighlighter.swift */ = {isa = PBXFileReference; lastKnownFileType = sourcecode.swift; path = MarkdownSyntaxHighlighter.swift; sourceTree = "<group>"; };
		7A46AD25CC5FB9E4BE6070DE /* OFL-Inconsolata.txt */ = {isa = PBXFileReference; lastKnownFileType = text; path = "OFL-Inconsolata.txt"; sourceTree = "<group>"; };
		80658CB19305896F164D475F /* ScratchpadManager.swift */ = {isa = PBXFileReference; lastKnownFileType = sourcecode.swift; path = ScratchpadManager.swift; sourceTree = "<group>"; };
		807DAB359A132C4D6F3149DB /* KaTeX_SansSerif-Bold.woff2 */ = {isa = PBXFileReference; path = "KaTeX_SansSerif-Bold.woff2"; sourceTree = "<group>"; };
		8511BCDA19ED36D2E36D7CC4 /* ClearlyNotifications.swift */ = {isa = PBXFileReference; lastKnownFileType = sourcecode.swift; path = ClearlyNotifications.swift; sourceTree = "<group>"; };
		8849734305B42A829F35A4AC /* KindasMDQuickLook.appex */ = {isa = PBXFileReference; explicitFileType = "wrapper.app-extension"; includeInIndex = 0; path = KindasMDQuickLook.appex; sourceTree = BUILT_PRODUCTS_DIR; };
		8928415838CC7065BAD9E091 /* KaTeX_Main-BoldItalic.woff2 */ = {isa = PBXFileReference; path = "KaTeX_Main-BoldItalic.woff2"; sourceTree = "<group>"; };
		8C63D7AEB27A9F0CB262E645 /* KaTeX_SansSerif-Italic.woff2 */ = {isa = PBXFileReference; path = "KaTeX_SansSerif-Italic.woff2"; sourceTree = "<group>"; };
		91966DA98C171744BCBB3194 /* FrontmatterSupport.swift */ = {isa = PBXFileReference; lastKnownFileType = sourcecode.swift; path = FrontmatterSupport.swift; sourceTree = "<group>"; };
		94B1A19AB9FA41E7F47CF5A5 /* KaTeX_Script-Regular.woff2 */ = {isa = PBXFileReference; path = "KaTeX_Script-Regular.woff2"; sourceTree = "<group>"; };
		96AE9AE9387D97054C7353A0 /* PreviewProvider.swift */ = {isa = PBXFileReference; lastKnownFileType = sourcecode.swift; path = PreviewProvider.swift; sourceTree = "<group>"; };
		9B355B47E915E67901F9A6B3 /* Clearly.entitlements */ = {isa = PBXFileReference; lastKnownFileType = text.plist.entitlements; path = Clearly.entitlements; sourceTree = "<group>"; };
		9B9A3ABF5F310A32DEE8CD36 /* katex.min.css */ = {isa = PBXFileReference; lastKnownFileType = text.css; path = katex.min.css; sourceTree = "<group>"; };
		9CADA93A216502CEB0856067 /* OutlineState.swift */ = {isa = PBXFileReference; lastKnownFileType = sourcecode.swift; path = OutlineState.swift; sourceTree = "<group>"; };
		9CAE473C3562F59C8BAE6E20 /* PreviewCSS.swift */ = {isa = PBXFileReference; lastKnownFileType = sourcecode.swift; path = PreviewCSS.swift; sourceTree = "<group>"; };
		A012A8B7BDD8D65FA96C74BD /* FindBarView.swift */ = {isa = PBXFileReference; lastKnownFileType = sourcecode.swift; path = FindBarView.swift; sourceTree = "<group>"; };
		A173619EAC2F30C6AE58C20B /* ScratchpadShortcuts.swift */ = {isa = PBXFileReference; lastKnownFileType = sourcecode.swift; path = ScratchpadShortcuts.swift; sourceTree = "<group>"; };
		A5448B669D04A27C0E3217C1 /* KaTeX_Math-BoldItalic.woff2 */ = {isa = PBXFileReference; path = "KaTeX_Math-BoldItalic.woff2"; sourceTree = "<group>"; };
		A640C0E2FB96A86B95E16DB8 /* ReadOnlyViewer.swift */ = {isa = PBXFileReference; lastKnownFileType = sourcecode.swift; path = ReadOnlyViewer.swift; sourceTree = "<group>"; };
		A798640069FFAA9D29AAE3B4 /* ClearlyQuickLook.entitlements */ = {isa = PBXFileReference; lastKnownFileType = text.plist.entitlements; path = ClearlyQuickLook.entitlements; sourceTree = "<group>"; };
		A81B471B7C08208B5833EFD4 /* ScratchpadEditorView.swift */ = {isa = PBXFileReference; lastKnownFileType = sourcecode.swift; path = ScratchpadEditorView.swift; sourceTree = "<group>"; };
		AD4F4835D64D743DB797F7CC /* Inconsolata-Regular.ttf */ = {isa = PBXFileReference; lastKnownFileType = file; path = "Inconsolata-Regular.ttf"; sourceTree = "<group>"; };
		B24354E81A4B3FC2CDD156D9 /* Assets.xcassets */ = {isa = PBXFileReference; lastKnownFileType = folder.assetcatalog; path = Assets.xcassets; sourceTree = "<group>"; };
		B2640C1557CED60974C1655B /* KaTeX_Fraktur-Regular.woff2 */ = {isa = PBXFileReference; path = "KaTeX_Fraktur-Regular.woff2"; sourceTree = "<group>"; };
		B9A9504CE72D1D15C25AAA17 /* KaTeX_Size1-Regular.woff2 */ = {isa = PBXFileReference; path = "KaTeX_Size1-Regular.woff2"; sourceTree = "<group>"; };
		BE37089E8CCD885B4B004A6B /* BundledFontRegistration.swift */ = {isa = PBXFileReference; lastKnownFileType = sourcecode.swift; path = BundledFontRegistration.swift; sourceTree = "<group>"; };
		BEEA81C42D7D0F8A800F2BE1 /* KaTeX_Math-Italic.woff2 */ = {isa = PBXFileReference; path = "KaTeX_Math-Italic.woff2"; sourceTree = "<group>"; };
		C7277077CCE8CC6F671BA7BD /* KaTeX_Caligraphic-Regular.woff2 */ = {isa = PBXFileReference; path = "KaTeX_Caligraphic-Regular.woff2"; sourceTree = "<group>"; };
		C85754A835ACA8FF4CEA518C /* Info.plist */ = {isa = PBXFileReference; lastKnownFileType = text.plist; path = Info.plist; sourceTree = "<group>"; };
		CA1DBF680E810A5F1E5745CF /* ScratchpadMenuBar.swift */ = {isa = PBXFileReference; lastKnownFileType = sourcecode.swift; path = ScratchpadMenuBar.swift; sourceTree = "<group>"; };
		CA65CA11BA07D74E085E5A9E /* QuickCopyButtons.swift */ = {isa = PBXFileReference; lastKnownFileType = sourcecode.swift; path = QuickCopyButtons.swift; sourceTree = "<group>"; };
		CDFD083F5CEDB0294A737E24 /* MarkdownDocument.icns */ = {isa = PBXFileReference; lastKnownFileType = image.icns; path = MarkdownDocument.icns; sourceTree = "<group>"; };
		CE9A330AE558EF13D0E3FC42 /* Clearly-AppStore.entitlements */ = {isa = PBXFileReference; lastKnownFileType = text.plist.entitlements; path = "Clearly-AppStore.entitlements"; sourceTree = "<group>"; };
		D21685182BECD710BD1EE5F0 /* ClearlyTextView.swift */ = {isa = PBXFileReference; lastKnownFileType = sourcecode.swift; path = ClearlyTextView.swift; sourceTree = "<group>"; };
		DC0C07F633044E286706E6C2 /* Theme.swift */ = {isa = PBXFileReference; lastKnownFileType = sourcecode.swift; path = Theme.swift; sourceTree = "<group>"; };
		DCB089DECE0C240DA5C326AB /* KaTeX_AMS-Regular.woff2 */ = {isa = PBXFileReference; path = "KaTeX_AMS-Regular.woff2"; sourceTree = "<group>"; };
		E2C3BE00236243F8B521C4D2 /* KindasMDEditor.app */ = {isa = PBXFileReference; explicitFileType = wrapper.application; includeInIndex = 0; path = KindasMDEditor.app; sourceTree = BUILT_PRODUCTS_DIR; };
		E3840AA3B2F7F256865A448F /* KaTeX_Caligraphic-Bold.woff2 */ = {isa = PBXFileReference; path = "KaTeX_Caligraphic-Bold.woff2"; sourceTree = "<group>"; };
		E503F241D3994AC7CFEA670F /* KindasStripView.swift */ = {isa = PBXFileReference; lastKnownFileType = sourcecode.swift; path = KindasStripView.swift; sourceTree = "<group>"; };
		E6312CBE559D8BEC5227D132 /* KaTeX_SansSerif-Regular.woff2 */ = {isa = PBXFileReference; path = "KaTeX_SansSerif-Regular.woff2"; sourceTree = "<group>"; };
		E638AE2F4C700593201EAD61 /* KaTeX_Size3-Regular.woff2 */ = {isa = PBXFileReference; path = "KaTeX_Size3-Regular.woff2"; sourceTree = "<group>"; };
		E9D46522A81B46211A5A971E /* ClearlyApp.swift */ = {isa = PBXFileReference; lastKnownFileType = sourcecode.swift; path = ClearlyApp.swift; sourceTree = "<group>"; };
		EAA279EB66E645115789B593 /* FindState.swift */ = {isa = PBXFileReference; lastKnownFileType = sourcecode.swift; path = FindState.swift; sourceTree = "<group>"; };
		FD92BF33533F90D5495FCD4D /* MermaidSupport.swift */ = {isa = PBXFileReference; lastKnownFileType = sourcecode.swift; path = MermaidSupport.swift; sourceTree = "<group>"; };
/* End PBXFileReference section */

/* Begin PBXFrameworksBuildPhase section */
		3095215A90B6D8D26D1A9262 /* Frameworks */ = {
			isa = PBXFrameworksBuildPhase;
			buildActionMask = 2147483647;
			files = (
				9B64E48C29A87703AE7C01E6 /* cmark in Frameworks */,
				3069BAEFFB0EF73722EAA2DD /* KeyboardShortcuts in Frameworks */,
			);
			runOnlyForDeploymentPostprocessing = 0;
		};
		545E36C0E2CC1EADC9F2EA25 /* Frameworks */ = {
			isa = PBXFrameworksBuildPhase;
			buildActionMask = 2147483647;
			files = (
				33DAD30BE5E58F559448CCA2 /* cmark in Frameworks */,
			);
			runOnlyForDeploymentPostprocessing = 0;
		};
/* End PBXFrameworksBuildPhase section */

/* Begin PBXGroup section */
		0BB1EFEDF1071CD9993BC32A /* Resources */ = {
			isa = PBXGroup;
			children = (
				533BF0A0A5E3EA2560CF1BA2 /* fonts */,
				9B9A3ABF5F310A32DEE8CD36 /* katex.min.css */,
				4FD7A410E3875B4C786B131A /* katex.min.js */,
				402EB2B0F70645489E8E0216 /* mermaid.min.js */,
				2610C292A737AAC353527466 /* fonts */,
			);
			path = Resources;
			sourceTree = "<group>";
		};
		2610C292A737AAC353527466 /* fonts */ = {
			isa = PBXGroup;
			children = (
				DCB089DECE0C240DA5C326AB /* KaTeX_AMS-Regular.woff2 */,
				E3840AA3B2F7F256865A448F /* KaTeX_Caligraphic-Bold.woff2 */,
				C7277077CCE8CC6F671BA7BD /* KaTeX_Caligraphic-Regular.woff2 */,
				3DC64CEF4FA0E3A711C93D52 /* KaTeX_Fraktur-Bold.woff2 */,
				B2640C1557CED60974C1655B /* KaTeX_Fraktur-Regular.woff2 */,
				7187ABFF68371B759ABF8AC4 /* KaTeX_Main-Bold.woff2 */,
				8928415838CC7065BAD9E091 /* KaTeX_Main-BoldItalic.woff2 */,
				561CA201B0D92CB3BB6D618C /* KaTeX_Main-Italic.woff2 */,
				5C466F1328E7161C3FBBE895 /* KaTeX_Main-Regular.woff2 */,
				A5448B669D04A27C0E3217C1 /* KaTeX_Math-BoldItalic.woff2 */,
				BEEA81C42D7D0F8A800F2BE1 /* KaTeX_Math-Italic.woff2 */,
				807DAB359A132C4D6F3149DB /* KaTeX_SansSerif-Bold.woff2 */,
				8C63D7AEB27A9F0CB262E645 /* KaTeX_SansSerif-Italic.woff2 */,
				E6312CBE559D8BEC5227D132 /* KaTeX_SansSerif-Regular.woff2 */,
				94B1A19AB9FA41E7F47CF5A5 /* KaTeX_Script-Regular.woff2 */,
				B9A9504CE72D1D15C25AAA17 /* KaTeX_Size1-Regular.woff2 */,
				4F1BB6AF0086303BC02512ED /* KaTeX_Size2-Regular.woff2 */,
				E638AE2F4C700593201EAD61 /* KaTeX_Size3-Regular.woff2 */,
				2A511EBB2EF019DE8ABB6015 /* KaTeX_Size4-Regular.woff2 */,
				577A6981155BFF3115563649 /* KaTeX_Typewriter-Regular.woff2 */,
			);
			path = fonts;
			sourceTree = "<group>";
		};
		3EC8F46545F33DB5CBF151A5 /* Clearly */ = {
			isa = PBXGroup;
			children = (
				B24354E81A4B3FC2CDD156D9 /* Assets.xcassets */,
				241C25B38BA5A24249A60DB0 /* BlueprintEditorView.swift */,
				BE37089E8CCD885B4B004A6B /* BundledFontRegistration.swift */,
				CE9A330AE558EF13D0E3FC42 /* Clearly-AppStore.entitlements */,
				9B355B47E915E67901F9A6B3 /* Clearly.entitlements */,
				E9D46522A81B46211A5A971E /* ClearlyApp.swift */,
				8511BCDA19ED36D2E36D7CC4 /* ClearlyNotifications.swift */,
				D21685182BECD710BD1EE5F0 /* ClearlyTextView.swift */,
				5C0B6336F350DDBED7CE9F4C /* ColumnRulerView.swift */,
				1A275FF740EF81A9595A9CF1 /* ContentView.swift */,
				387647C63A7253B9C5D47227 /* DiagnosticLog.swift */,
				758150A509419AE6129AAAD3 /* EditorView.swift */,
				1191454C25DB7E5E81AB8DC7 /* FileWatcher.swift */,
				A012A8B7BDD8D65FA96C74BD /* FindBarView.swift */,
				EAA279EB66E645115789B593 /* FindState.swift */,
				423E565C623D851AA67C1FDD /* Info.plist */,
				E503F241D3994AC7CFEA670F /* KindasStripView.swift */,
				459EE8D74CC429D37D25BA15 /* MarkdownDocument.swift */,
				77AA9B3C2C936F18BB291F0B /* MarkdownSyntaxHighlighter.swift */,
				2C9217F7E9925EB8D861F633 /* MasterFolderModel.swift */,
				9CADA93A216502CEB0856067 /* OutlineState.swift */,
				5BD4E35E9817922F678A49E4 /* OutlineView.swift */,
				7579D4F11AC216D128C23BFA /* PDFExporter.swift */,
				18C58D7977018EDE6FB272E2 /* PositionSync.swift */,
				2B29BD46E42FE597D8899626 /* PreviewView.swift */,
				CA65CA11BA07D74E085E5A9E /* QuickCopyButtons.swift */,
				A640C0E2FB96A86B95E16DB8 /* ReadOnlyViewer.swift */,
				6FCC3C009FF06D7331518A63 /* RecentFilesMenuHelper.swift */,
				13B7A37217BC081E7F5083AE /* ScratchpadContentView.swift */,
				A81B471B7C08208B5833EFD4 /* ScratchpadEditorView.swift */,
				80658CB19305896F164D475F /* ScratchpadManager.swift */,
				CA1DBF680E810A5F1E5745CF /* ScratchpadMenuBar.swift */,
				A173619EAC2F30C6AE58C20B /* ScratchpadShortcuts.swift */,
				6730A8653EEEC312AF9BCEA9 /* ScrollSyncRelay.swift */,
				57B67568DD67AAF659F945DD /* SettingsView.swift */,
				13A044FAA8D1ABDDFC744FEB /* TextEditBrowser.swift */,
				DC0C07F633044E286706E6C2 /* Theme.swift */,
				80E82DD01F23B939B2793E10 /* Resources */,
			);
			path = Clearly;
			sourceTree = "<group>";
		};
		62258D59E534BF2949F7DB93 = {
			isa = PBXGroup;
			children = (
				3EC8F46545F33DB5CBF151A5 /* Clearly */,
				FD34ED97389CEA76A16E7411 /* ClearlyQuickLook */,
				AA5683C1A5697579DC26550E /* Shared */,
				74C0866CBED9AA116FEA7346 /* Products */,
			);
			sourceTree = "<group>";
		};
		6D7FC2F3047600E2DFBD14FE /* fonts */ = {
			isa = PBXGroup;
			children = (
				AD4F4835D64D743DB797F7CC /* Inconsolata-Regular.ttf */,
				7A46AD25CC5FB9E4BE6070DE /* OFL-Inconsolata.txt */,
			);
			path = fonts;
			sourceTree = "<group>";
		};
		74C0866CBED9AA116FEA7346 /* Products */ = {
			isa = PBXGroup;
			children = (
				E2C3BE00236243F8B521C4D2 /* KindasMDEditor.app */,
				8849734305B42A829F35A4AC /* KindasMDQuickLook.appex */,
			);
			name = Products;
			sourceTree = "<group>";
		};
		80E82DD01F23B939B2793E10 /* Resources */ = {
			isa = PBXGroup;
			children = (
				CDFD083F5CEDB0294A737E24 /* MarkdownDocument.icns */,
				6D7FC2F3047600E2DFBD14FE /* fonts */,
			);
			path = Resources;
			sourceTree = "<group>";
		};
		AA5683C1A5697579DC26550E /* Shared */ = {
			isa = PBXGroup;
			children = (
				91966DA98C171744BCBB3194 /* FrontmatterSupport.swift */,
				0BE34513476EE490A1A6A5BF /* LocalImageSupport.swift */,
				2E03FE5545A1CB9E58B7CB10 /* MarkdownRenderer.swift */,
				FD92BF33533F90D5495FCD4D /* MermaidSupport.swift */,
				9CAE473C3562F59C8BAE6E20 /* PreviewCSS.swift */,
				0BB1EFEDF1071CD9993BC32A /* Resources */,
			);
			path = Shared;
			sourceTree = "<group>";
		};
		FD34ED97389CEA76A16E7411 /* ClearlyQuickLook */ = {
			isa = PBXGroup;
			children = (
				A798640069FFAA9D29AAE3B4 /* ClearlyQuickLook.entitlements */,
				C85754A835ACA8FF4CEA518C /* Info.plist */,
				96AE9AE9387D97054C7353A0 /* PreviewProvider.swift */,
			);
			path = ClearlyQuickLook;
			sourceTree = "<group>";
		};
/* End PBXGroup section */

/* Begin PBXNativeTarget section */
		1AB830C09069715A67E0DE45 /* KindasMDEditor */ = {
			isa = PBXNativeTarget;
			buildConfigurationList = 1F81445E4EAD1A3F2731C23A /* Build configuration list for PBXNativeTarget "KindasMDEditor" */;
			buildPhases = (
				E5F7D75AB145FE6C9F1D3C17 /* Sources */,
				7CE79E822F3930FD64882296 /* Resources */,
				3095215A90B6D8D26D1A9262 /* Frameworks */,
				75F5E9F8F034280B386B1610 /* Embed Foundation Extensions */,
			);
			buildRules = (
			);
			dependencies = (
				559E90EEF47BC99662B6E091 /* PBXTargetDependency */,
			);
			name = KindasMDEditor;
			packageProductDependencies = (
				BA915BE25F47C60B7AD142F6 /* cmark */,
				4DF0D78A336E2D9D674D47D2 /* KeyboardShortcuts */,
			);
			productName = KindasMDEditor;
			productReference = E2C3BE00236243F8B521C4D2 /* KindasMDEditor.app */;
			productType = "com.apple.product-type.application";
		};
		8EC594B216EA8BD5E9B53296 /* KindasMDQuickLook */ = {
			isa = PBXNativeTarget;
			buildConfigurationList = DEF4F39767DDD4954B9CFECF /* Build configuration list for PBXNativeTarget "KindasMDQuickLook" */;
			buildPhases = (
				EBD582AEA8255B53358468E6 /* Sources */,
				22491928008082DF14A7DF37 /* Resources */,
				545E36C0E2CC1EADC9F2EA25 /* Frameworks */,
			);
			buildRules = (
			);
			dependencies = (
			);
			name = KindasMDQuickLook;
			packageProductDependencies = (
				CC77A681476F7EE7A093FA76 /* cmark */,
			);
			productName = KindasMDQuickLook;
			productReference = 8849734305B42A829F35A4AC /* KindasMDQuickLook.appex */;
			productType = "com.apple.product-type.app-extension";
		};
/* End PBXNativeTarget section */

/* Begin PBXProject section */
		335CB350F62B3060FF628FF1 /* Project object */ = {
			isa = PBXProject;
			attributes = {
				BuildIndependentTargetsInParallel = YES;
				LastUpgradeCheck = 1600;
				TargetAttributes = {
				};
			};
			buildConfigurationList = 21011BCCE46C5F47C8AB43E3 /* Build configuration list for PBXProject "KindasMDEditor" */;
			developmentRegion = en;
			hasScannedForEncodings = 0;
			knownRegions = (
				Base,
				en,
			);
			mainGroup = 62258D59E534BF2949F7DB93;
			minimizedProjectReferenceProxies = 1;
			packageReferences = (
				89C0FB1537F46736A48B9C0A /* XCRemoteSwiftPackageReference "KeyboardShortcuts" */,
				8780A67A1EDEF76782BB503D /* XCRemoteSwiftPackageReference "cmark-gfm" */,
			);
			preferredProjectObjectVersion = 77;
			productRefGroup = 74C0866CBED9AA116FEA7346 /* Products */;
			projectDirPath = "";
			projectRoot = "";
			targets = (
				1AB830C09069715A67E0DE45 /* KindasMDEditor */,
				8EC594B216EA8BD5E9B53296 /* KindasMDQuickLook */,
			);
		};
/* End PBXProject section */

/* Begin PBXResourcesBuildPhase section */
		22491928008082DF14A7DF37 /* Resources */ = {
			isa = PBXResourcesBuildPhase;
			buildActionMask = 2147483647;
			files = (
				C3605A1ACF84EE2345734062 /* KaTeX_AMS-Regular.woff2 in Resources */,
				22A672B314A988885218F541 /* KaTeX_Caligraphic-Bold.woff2 in Resources */,
				E6A05E42667AD746D3819AE7 /* KaTeX_Caligraphic-Regular.woff2 in Resources */,
				07B6D86BE3B2A3CB3595354B /* KaTeX_Fraktur-Bold.woff2 in Resources */,
				8EF60E31584E3713D690A76E /* KaTeX_Fraktur-Regular.woff2 in Resources */,
				26B1E529084B738E435C956F /* KaTeX_Main-Bold.woff2 in Resources */,
				CF27A25B72B1954F99AA7E28 /* KaTeX_Main-BoldItalic.woff2 in Resources */,
				848EEE13A14E7AEB20F9D03D /* KaTeX_Main-Italic.woff2 in Resources */,
				141917A8AC10CB1F5238D15D /* KaTeX_Main-Regular.woff2 in Resources */,
				7E6D1AAA6F6E3C9D4CE7B6BF /* KaTeX_Math-BoldItalic.woff2 in Resources */,
				ED1209A95CFAA068D7CDF8B1 /* KaTeX_Math-Italic.woff2 in Resources */,
				AB36A21A5992C296B12801B0 /* KaTeX_SansSerif-Bold.woff2 in Resources */,
				905A59985E7C9F092EFDD25E /* KaTeX_SansSerif-Italic.woff2 in Resources */,
				2114558D0FC8E00C92420922 /* KaTeX_SansSerif-Regular.woff2 in Resources */,
				E2B7DED117A38F9EA13A6767 /* KaTeX_Script-Regular.woff2 in Resources */,
				A3DDDEE3DD8F68295B87550B /* KaTeX_Size1-Regular.woff2 in Resources */,
				E58A4EB2CB7F24C92651AC26 /* KaTeX_Size2-Regular.woff2 in Resources */,
				1F73E184AF399F0EA91E3978 /* KaTeX_Size3-Regular.woff2 in Resources */,
				B141D5DF0F3151B5EB45A8E0 /* KaTeX_Size4-Regular.woff2 in Resources */,
				554ABEE72E40759639EF9E7C /* KaTeX_Typewriter-Regular.woff2 in Resources */,
				606612CA403163F17D56C7B1 /* fonts in Resources */,
				8D35B274CC45E89990200DBA /* katex.min.css in Resources */,
				00D73F552FE6CCE33CC33F7A /* katex.min.js in Resources */,
				19B2D76FD878146D13EB846E /* mermaid.min.js in Resources */,
			);
			runOnlyForDeploymentPostprocessing = 0;
		};
		7CE79E822F3930FD64882296 /* Resources */ = {
			isa = PBXResourcesBuildPhase;
			buildActionMask = 2147483647;
			files = (
				F53261687A4F55D37EF513EB /* Assets.xcassets in Resources */,
				E8FD0436A055DF89DC24D2CB /* Inconsolata-Regular.ttf in Resources */,
				406AD8D5C630097120B0C60A /* KaTeX_AMS-Regular.woff2 in Resources */,
				86CD6CAAD6EBA4C8AC465C6B /* KaTeX_Caligraphic-Bold.woff2 in Resources */,
				35ED0064FC45B88F60335CF6 /* KaTeX_Caligraphic-Regular.woff2 in Resources */,
				64D1B6776E687FCE89F449A0 /* KaTeX_Fraktur-Bold.woff2 in Resources */,
				042553A1514A3218E62811CD /* KaTeX_Fraktur-Regular.woff2 in Resources */,
				001E14F66CC3E4FD44A82ECF /* KaTeX_Main-Bold.woff2 in Resources */,
				7D3E0545CA4839B6D7D33857 /* KaTeX_Main-BoldItalic.woff2 in Resources */,
				41D36F4A227DA1B18A64E187 /* KaTeX_Main-Italic.woff2 in Resources */,
				5341AC12C035013D0D3CCD5C /* KaTeX_Main-Regular.woff2 in Resources */,
				63ABBEDE37BB0BB9D14CE8E1 /* KaTeX_Math-BoldItalic.woff2 in Resources */,
				12144198880B84D3FDDB629D /* KaTeX_Math-Italic.woff2 in Resources */,
				016FE74BFE625224E73A2A68 /* KaTeX_SansSerif-Bold.woff2 in Resources */,
				4FFAD8E581163E9412DB3375 /* KaTeX_SansSerif-Italic.woff2 in Resources */,
				51A5BB3C76BF112B6544A6E0 /* KaTeX_SansSerif-Regular.woff2 in Resources */,
				C28C4DB501F4C88E0E576BB8 /* KaTeX_Script-Regular.woff2 in Resources */,
				BD35BA88DC83C8791BA2B880 /* KaTeX_Size1-Regular.woff2 in Resources */,
				6A673E18D3A350489E563DBA /* KaTeX_Size2-Regular.woff2 in Resources */,
				363C21FC09425A7DB44CE693 /* KaTeX_Size3-Regular.woff2 in Resources */,
				401A8B1FCDB95B2CB107764E /* KaTeX_Size4-Regular.woff2 in Resources */,
				9E4277816A65D0A61ACB467C /* KaTeX_Typewriter-Regular.woff2 in Resources */,
				23A4EE6790D901F264BA2896 /* MarkdownDocument.icns in Resources */,
				2FC20E86946BFFE411480435 /* OFL-Inconsolata.txt in Resources */,
				2F49453839BA305493FB221E /* fonts in Resources */,
				4FB3BC0D0EE4E7A7828D5D1D /* katex.min.css in Resources */,
				0DFD0E87D0C5110DBB049B22 /* katex.min.js in Resources */,
				8BD6AE37FBD4DF44473AD23F /* mermaid.min.js in Resources */,
			);
			runOnlyForDeploymentPostprocessing = 0;
		};
/* End PBXResourcesBuildPhase section */

/* Begin PBXSourcesBuildPhase section */
		E5F7D75AB145FE6C9F1D3C17 /* Sources */ = {
			isa = PBXSourcesBuildPhase;
			buildActionMask = 2147483647;
			files = (
				1E47B9B1153DF94EC0A7D9BD /* BlueprintEditorView.swift in Sources */,
				6AB9697DA6D2570D3255E4C8 /* BundledFontRegistration.swift in Sources */,
				E60423C0B4D580A43F9C5254 /* ClearlyApp.swift in Sources */,
				6B48315B1E2F6631B505D2A2 /* ClearlyNotifications.swift in Sources */,
				1B14DB2D6EBFB6552FF55652 /* ClearlyTextView.swift in Sources */,
				35EF8B6BFD8702A6F59ADA9F /* ColumnRulerView.swift in Sources */,
				BBFD4A8ACC00085EBD413B59 /* ContentView.swift in Sources */,
				7D1C062D3ED31D2033BBEF8A /* DiagnosticLog.swift in Sources */,
				70B28E7F6F5988081AC45F1F /* EditorView.swift in Sources */,
				48FD4B76697353C00BC9C706 /* FileWatcher.swift in Sources */,
				68CB9FF87903AB3777B8BC64 /* FindBarView.swift in Sources */,
				EE95CB15C1B5B03F614FDFF9 /* FindState.swift in Sources */,
				D323526C7879DE6F01019DA3 /* FrontmatterSupport.swift in Sources */,
				7A451CD0651E2B6C349838D3 /* KindasStripView.swift in Sources */,
				35C1EABC472035C080988879 /* LocalImageSupport.swift in Sources */,
				8285105F126ACBA83E5C22CC /* MarkdownDocument.swift in Sources */,
				FA4046B604B44C402F2FF0D8 /* MarkdownRenderer.swift in Sources */,
				AFA77A2ECE9B66C14385739F /* MarkdownSyntaxHighlighter.swift in Sources */,
				A62BB1A4DF5D6D8F53A7FD8A /* MasterFolderModel.swift in Sources */,
				CB4420DD54593BCE67FA8722 /* MermaidSupport.swift in Sources */,
				7B924C7875E7C4D5340153FD /* OutlineState.swift in Sources */,
				51001F7DE85B20CB01792E40 /* OutlineView.swift in Sources */,
				A6FE7C7651D12531F22AFF99 /* PDFExporter.swift in Sources */,
				A4E272BB783CB22D520031A5 /* PositionSync.swift in Sources */,
				8D0B775A3BBD86EA77EC8192 /* PreviewCSS.swift in Sources */,
				82E20C22EBBF287CA32B964D /* PreviewView.swift in Sources */,
				C71ABE27B75F62314CB10FCD /* QuickCopyButtons.swift in Sources */,
				2FB5F83D3DD54CC8985F9FFB /* ReadOnlyViewer.swift in Sources */,
				78B53870F9DDACC5459519FD /* RecentFilesMenuHelper.swift in Sources */,
				9C6CF7D261DA8854CFF1AAAC /* ScratchpadContentView.swift in Sources */,
				D14A895BAEE13508BEBE5A28 /* ScratchpadEditorView.swift in Sources */,
				E80B4E92CCF814B3BE5CD513 /* ScratchpadManager.swift in Sources */,
				E3C0697B086FBB332ABB27C7 /* ScratchpadMenuBar.swift in Sources */,
				38423607D2E69311815BC40A /* ScratchpadShortcuts.swift in Sources */,
				1FC2630F4CBDD306FBAA685C /* ScrollSyncRelay.swift in Sources */,
				AB161B4ACF8EB3C7CDC02420 /* SettingsView.swift in Sources */,
				4F0BE79CBE504B8ABB3FD0FE /* TextEditBrowser.swift in Sources */,
				6A76D5EF61D4D5EA1E4E269D /* Theme.swift in Sources */,
			);
			runOnlyForDeploymentPostprocessing = 0;
		};
		EBD582AEA8255B53358468E6 /* Sources */ = {
			isa = PBXSourcesBuildPhase;
			buildActionMask = 2147483647;
			files = (
				CDA8E74BF133793B4ACB4D54 /* FrontmatterSupport.swift in Sources */,
				AED30E19E926550D42F97FA9 /* LocalImageSupport.swift in Sources */,
				7540914749BA90D334D3821F /* MarkdownRenderer.swift in Sources */,
				3C7041E4C36C1BE67F35102F /* MermaidSupport.swift in Sources */,
				05B96E91F8256C542CF2D0B3 /* PreviewCSS.swift in Sources */,
				B186C190E07A125AE5994815 /* PreviewProvider.swift in Sources */,
			);
			runOnlyForDeploymentPostprocessing = 0;
		};
/* End PBXSourcesBuildPhase section */

/* Begin PBXTargetDependency section */
		559E90EEF47BC99662B6E091 /* PBXTargetDependency */ = {
			isa = PBXTargetDependency;
			target = 8EC594B216EA8BD5E9B53296 /* KindasMDQuickLook */;
			targetProxy = EE50C2EBD5262EA965E40A6A /* PBXContainerItemProxy */;
		};
/* End PBXTargetDependency section */

/* Begin XCBuildConfiguration section */
		0A55F30E506C17391F30A8F5 /* Debug */ = {
			isa = XCBuildConfiguration;
			buildSettings = {
				CODE_SIGN_ENTITLEMENTS = ClearlyQuickLook/ClearlyQuickLook.entitlements;
				COMBINE_HIDPI_IMAGES = YES;
				CURRENT_PROJECT_VERSION = 19;
				ENABLE_HARDENED_RUNTIME = YES;
				GENERATE_INFOPLIST_FILE = NO;
				INFOPLIST_FILE = ClearlyQuickLook/Info.plist;
				LD_RUNPATH_SEARCH_PATHS = (
					"$(inherited)",
					"@executable_path/../Frameworks",
					"@executable_path/../../../../Frameworks",
				);
				MARKETING_VERSION = 2.0.0;
				PRODUCT_BUNDLE_IDENTIFIER = com.kindasmd.editor.quicklook;
				PRODUCT_NAME = KindasMDQuickLook;
				SDKROOT = macosx;
				SWIFT_VERSION = 5.9;
			};
			name = Debug;
		};
		38A9DB182F62DE63887C26A5 /* Debug */ = {
			isa = XCBuildConfiguration;
			buildSettings = {
				ASSETCATALOG_COMPILER_APPICON_NAME = AppIcon;
				CODE_SIGN_ENTITLEMENTS = Clearly/Clearly.entitlements;
				COMBINE_HIDPI_IMAGES = YES;
				CURRENT_PROJECT_VERSION = 19;
				ENABLE_HARDENED_RUNTIME = YES;
				GENERATE_INFOPLIST_FILE = NO;
				INFOPLIST_FILE = Clearly/Info.plist;
				LD_RUNPATH_SEARCH_PATHS = (
					"$(inherited)",
					"@executable_path/../Frameworks",
				);
				MARKETING_VERSION = 2.0.0;
				PRODUCT_BUNDLE_IDENTIFIER = com.kindasmd.editor;
				PRODUCT_NAME = KindasMDEditor;
				SDKROOT = macosx;
				SWIFT_VERSION = 5.9;
			};
			name = Debug;
		};
		90A8A73D65FD35BC502EE644 /* Release */ = {
			isa = XCBuildConfiguration;
			buildSettings = {
				ALWAYS_SEARCH_USER_PATHS = NO;
				CLANG_ANALYZER_NONNULL = YES;
				CLANG_ANALYZER_NUMBER_OBJECT_CONVERSION = YES_AGGRESSIVE;
				CLANG_CXX_LANGUAGE_STANDARD = "gnu++14";
				CLANG_CXX_LIBRARY = "libc++";
				CLANG_ENABLE_MODULES = YES;
				CLANG_ENABLE_OBJC_ARC = YES;
				CLANG_ENABLE_OBJC_WEAK = YES;
				CLANG_WARN_BLOCK_CAPTURE_AUTORELEASING = YES;
				CLANG_WARN_BOOL_CONVERSION = YES;
				CLANG_WARN_COMMA = YES;
				CLANG_WARN_CONSTANT_CONVERSION = YES;
				CLANG_WARN_DEPRECATED_OBJC_IMPLEMENTATIONS = YES;
				CLANG_WARN_DIRECT_OBJC_ISA_USAGE = YES_ERROR;
				CLANG_WARN_DOCUMENTATION_COMMENTS = YES;
				CLANG_WARN_EMPTY_BODY = YES;
				CLANG_WARN_ENUM_CONVERSION = YES;
				CLANG_WARN_INFINITE_RECURSION = YES;
				CLANG_WARN_INT_CONVERSION = YES;
				CLANG_WARN_NON_LITERAL_NULL_CONVERSION = YES;
				CLANG_WARN_OBJC_IMPLICIT_RETAIN_SELF = YES;
				CLANG_WARN_OBJC_LITERAL_CONVERSION = YES;
				CLANG_WARN_OBJC_ROOT_CLASS = YES_ERROR;
				CLANG_WARN_QUOTED_INCLUDE_IN_FRAMEWORK_HEADER = YES;
				CLANG_WARN_RANGE_LOOP_ANALYSIS = YES;
				CLANG_WARN_STRICT_PROTOTYPES = YES;
				CLANG_WARN_SUSPICIOUS_MOVE = YES;
				CLANG_WARN_UNGUARDED_AVAILABILITY = YES_AGGRESSIVE;
				CLANG_WARN_UNREACHABLE_CODE = YES;
				CLANG_WARN__DUPLICATE_METHOD_MATCH = YES;
				COPY_PHASE_STRIP = NO;
				DEBUG_INFORMATION_FORMAT = "dwarf-with-dsym";
				ENABLE_NS_ASSERTIONS = NO;
				ENABLE_STRICT_OBJC_MSGSEND = YES;
				GCC_C_LANGUAGE_STANDARD = gnu11;
				GCC_NO_COMMON_BLOCKS = YES;
				GCC_WARN_64_TO_32_BIT_CONVERSION = YES;
				GCC_WARN_ABOUT_RETURN_TYPE = YES_ERROR;
				GCC_WARN_UNDECLARED_SELECTOR = YES;
				GCC_WARN_UNINITIALIZED_AUTOS = YES_AGGRESSIVE;
				GCC_WARN_UNUSED_FUNCTION = YES;
				GCC_WARN_UNUSED_VARIABLE = YES;
				MACOSX_DEPLOYMENT_TARGET = 14.0;
				MTL_ENABLE_DEBUG_INFO = NO;
				MTL_FAST_MATH = YES;
				PRODUCT_NAME = "$(TARGET_NAME)";
				SDKROOT = macosx;
				SWIFT_COMPILATION_MODE = wholemodule;
				SWIFT_OPTIMIZATION_LEVEL = "-O";
				SWIFT_VERSION = 5.0;
			};
			name = Release;
		};
		C982EC3CD9BB0FBE40C274B4 /* Release */ = {
			isa = XCBuildConfiguration;
			buildSettings = {
				CODE_SIGN_ENTITLEMENTS = ClearlyQuickLook/ClearlyQuickLook.entitlements;
				CODE_SIGN_IDENTITY = "Developer ID Application";
				CODE_SIGN_STYLE = Manual;
				COMBINE_HIDPI_IMAGES = YES;
				CURRENT_PROJECT_VERSION = 19;
				ENABLE_HARDENED_RUNTIME = YES;
				GENERATE_INFOPLIST_FILE = NO;
				INFOPLIST_FILE = ClearlyQuickLook/Info.plist;
				LD_RUNPATH_SEARCH_PATHS = (
					"$(inherited)",
					"@executable_path/../Frameworks",
					"@executable_path/../../../../Frameworks",
				);
				MARKETING_VERSION = 2.0.0;
				PRODUCT_BUNDLE_IDENTIFIER = com.kindasmd.editor.quicklook;
				PRODUCT_NAME = KindasMDQuickLook;
				SDKROOT = macosx;
				SWIFT_VERSION = 5.9;
			};
			name = Release;
		};
		F19CEC75642173E2C09AEFEA /* Release */ = {
			isa = XCBuildConfiguration;
			buildSettings = {
				ASSETCATALOG_COMPILER_APPICON_NAME = AppIcon;
				CODE_SIGN_ENTITLEMENTS = Clearly/Clearly.entitlements;
				CODE_SIGN_IDENTITY = "Developer ID Application";
				CODE_SIGN_STYLE = Manual;
				COMBINE_HIDPI_IMAGES = YES;
				CURRENT_PROJECT_VERSION = 19;
				ENABLE_HARDENED_RUNTIME = YES;
				GENERATE_INFOPLIST_FILE = NO;
				INFOPLIST_FILE = Clearly/Info.plist;
				LD_RUNPATH_SEARCH_PATHS = (
					"$(inherited)",
					"@executable_path/../Frameworks",
				);
				MARKETING_VERSION = 2.0.0;
				PRODUCT_BUNDLE_IDENTIFIER = com.kindasmd.editor;
				PRODUCT_NAME = KindasMDEditor;
				SDKROOT = macosx;
				SWIFT_VERSION = 5.9;
			};
			name = Release;
		};
		FE69191FC59C38CFCED75EDB /* Debug */ = {
			isa = XCBuildConfiguration;
			buildSettings = {
				ALWAYS_SEARCH_USER_PATHS = NO;
				CLANG_ANALYZER_NONNULL = YES;
				CLANG_ANALYZER_NUMBER_OBJECT_CONVERSION = YES_AGGRESSIVE;
				CLANG_CXX_LANGUAGE_STANDARD = "gnu++14";
				CLANG_CXX_LIBRARY = "libc++";
				CLANG_ENABLE_MODULES = YES;
				CLANG_ENABLE_OBJC_ARC = YES;
				CLANG_ENABLE_OBJC_WEAK = YES;
				CLANG_WARN_BLOCK_CAPTURE_AUTORELEASING = YES;
				CLANG_WARN_BOOL_CONVERSION = YES;
				CLANG_WARN_COMMA = YES;
				CLANG_WARN_CONSTANT_CONVERSION = YES;
				CLANG_WARN_DEPRECATED_OBJC_IMPLEMENTATIONS = YES;
				CLANG_WARN_DIRECT_OBJC_ISA_USAGE = YES_ERROR;
				CLANG_WARN_DOCUMENTATION_COMMENTS = YES;
				CLANG_WARN_EMPTY_BODY = YES;
				CLANG_WARN_ENUM_CONVERSION = YES;
				CLANG_WARN_INFINITE_RECURSION = YES;
				CLANG_WARN_INT_CONVERSION = YES;
				CLANG_WARN_NON_LITERAL_NULL_CONVERSION = YES;
				CLANG_WARN_OBJC_IMPLICIT_RETAIN_SELF = YES;
				CLANG_WARN_OBJC_LITERAL_CONVERSION = YES;
				CLANG_WARN_OBJC_ROOT_CLASS = YES_ERROR;
				CLANG_WARN_QUOTED_INCLUDE_IN_FRAMEWORK_HEADER = YES;
				CLANG_WARN_RANGE_LOOP_ANALYSIS = YES;
				CLANG_WARN_STRICT_PROTOTYPES = YES;
				CLANG_WARN_SUSPICIOUS_MOVE = YES;
				CLANG_WARN_UNGUARDED_AVAILABILITY = YES_AGGRESSIVE;
				CLANG_WARN_UNREACHABLE_CODE = YES;
				CLANG_WARN__DUPLICATE_METHOD_MATCH = YES;
				COPY_PHASE_STRIP = NO;
				DEBUG_INFORMATION_FORMAT = dwarf;
				ENABLE_STRICT_OBJC_MSGSEND = YES;
				ENABLE_TESTABILITY = YES;
				GCC_C_LANGUAGE_STANDARD = gnu11;
				GCC_DYNAMIC_NO_PIC = NO;
				GCC_NO_COMMON_BLOCKS = YES;
				GCC_OPTIMIZATION_LEVEL = 0;
				GCC_PREPROCESSOR_DEFINITIONS = (
					"$(inherited)",
					"DEBUG=1",
				);
				GCC_WARN_64_TO_32_BIT_CONVERSION = YES;
				GCC_WARN_ABOUT_RETURN_TYPE = YES_ERROR;
				GCC_WARN_UNDECLARED_SELECTOR = YES;
				GCC_WARN_UNINITIALIZED_AUTOS = YES_AGGRESSIVE;
				GCC_WARN_UNUSED_FUNCTION = YES;
				GCC_WARN_UNUSED_VARIABLE = YES;
				MACOSX_DEPLOYMENT_TARGET = 14.0;
				MTL_ENABLE_DEBUG_INFO = INCLUDE_SOURCE;
				MTL_FAST_MATH = YES;
				ONLY_ACTIVE_ARCH = YES;
				PRODUCT_NAME = "$(TARGET_NAME)";
				SDKROOT = macosx;
				SWIFT_ACTIVE_COMPILATION_CONDITIONS = DEBUG;
				SWIFT_OPTIMIZATION_LEVEL = "-Onone";
				SWIFT_VERSION = 5.0;
			};
			name = Debug;
		};
/* End XCBuildConfiguration section */

/* Begin XCConfigurationList section */
		1F81445E4EAD1A3F2731C23A /* Build configuration list for PBXNativeTarget "KindasMDEditor" */ = {
			isa = XCConfigurationList;
			buildConfigurations = (
				38A9DB182F62DE63887C26A5 /* Debug */,
				F19CEC75642173E2C09AEFEA /* Release */,
			);
			defaultConfigurationIsVisible = 0;
			defaultConfigurationName = Debug;
		};
		21011BCCE46C5F47C8AB43E3 /* Build configuration list for PBXProject "KindasMDEditor" */ = {
			isa = XCConfigurationList;
			buildConfigurations = (
				FE69191FC59C38CFCED75EDB /* Debug */,
				90A8A73D65FD35BC502EE644 /* Release */,
			);
			defaultConfigurationIsVisible = 0;
			defaultConfigurationName = Debug;
		};
		DEF4F39767DDD4954B9CFECF /* Build configuration list for PBXNativeTarget "KindasMDQuickLook" */ = {
			isa = XCConfigurationList;
			buildConfigurations = (
				0A55F30E506C17391F30A8F5 /* Debug */,
				C982EC3CD9BB0FBE40C274B4 /* Release */,
			);
			defaultConfigurationIsVisible = 0;
			defaultConfigurationName = Debug;
		};
/* End XCConfigurationList section */

/* Begin XCRemoteSwiftPackageReference section */
		8780A67A1EDEF76782BB503D /* XCRemoteSwiftPackageReference "cmark-gfm" */ = {
			isa = XCRemoteSwiftPackageReference;
			repositoryURL = "https://github.com/brokenhandsio/cmark-gfm.git";
			requirement = {
				kind = exactVersion;
				version = 2.1.0;
			};
		};
		89C0FB1537F46736A48B9C0A /* XCRemoteSwiftPackageReference "KeyboardShortcuts" */ = {
			isa = XCRemoteSwiftPackageReference;
			repositoryURL = "https://github.com/sindresorhus/KeyboardShortcuts";
			requirement = {
				kind = exactVersion;
				version = 2.1.0;
			};
		};
/* End XCRemoteSwiftPackageReference section */

/* Begin XCSwiftPackageProductDependency section */
		4DF0D78A336E2D9D674D47D2 /* KeyboardShortcuts */ = {
			isa = XCSwiftPackageProductDependency;
			package = 89C0FB1537F46736A48B9C0A /* XCRemoteSwiftPackageReference "KeyboardShortcuts" */;
			productName = KeyboardShortcuts;
		};
		BA915BE25F47C60B7AD142F6 /* cmark */ = {
			isa = XCSwiftPackageProductDependency;
			package = 8780A67A1EDEF76782BB503D /* XCRemoteSwiftPackageReference "cmark-gfm" */;
			productName = cmark;
		};
		CC77A681476F7EE7A093FA76 /* cmark */ = {
			isa = XCSwiftPackageProductDependency;
			package = 8780A67A1EDEF76782BB503D /* XCRemoteSwiftPackageReference "cmark-gfm" */;
			productName = cmark;
		};
/* End XCSwiftPackageProductDependency section */
	};
	rootObject = 335CB350F62B3060FF628FF1 /* Project object */;
}
